
Microsoft Visual Studio Solution File, Format Version 12.00
# Visual Studio Version 17
VisualStudioVersion = 17.7.34009.444
MinimumVisualStudioVersion = 10.0.40219.1
Project("{FAE04EC0-301F-11D3-BF4B-00C04F79EFBC}") = "Telegram_WPF", "Telegram_WPF\Telegram_WPF.csproj", "{384D6479-06D1-428C-902F-F82022BA877B}"
EndProject
Global
	GlobalSection(SolutionConfigurationPlatforms) = preSolution
		Debug|Any CPU = Debug|Any CPU
		Release|Any CPU = Release|Any CPU
	EndGlobalSection
	GlobalSection(ProjectConfigurationPlatforms) = postSolution
		{384D6479-06D1-428C-902F-F82022BA877B}.Debug|Any CPU.ActiveCfg = Debug|Any CPU
		{384D6479-06D1-428C-902F-F82022BA877B}.Debug|Any CPU.Build.0 = Debug|Any CPU
		{384D6479-06D1-428C-902F-F82022BA877B}.Release|Any CPU.ActiveCfg = Release|Any CPU
		{384D6479-06D1-428C-902F-F82022BA877B}.Release|Any CPU.Build.0 = Release|Any CPU
	EndGlobalSection
	GlobalSection(SolutionProperties) = preSolution
		HideSolutionNode = FALSE
	EndGlobalSection
	GlobalSection(ExtensibilityGlobals) = postSolution
		SolutionGuid = {56EE7B45-82AA-4F14-860E-DD1E3260AAC1}
	EndGlobalSection
EndGlobal
